
Microsoft Visual Studio Solution File, Format Version 12.00
# Visual Studio Version 16
VisualStudioVersion = 16.0.28803.202
MinimumVisualStudioVersion = 10.0.40219.1
Project("{FAE04EC0-301F-11D3-BF4B-00C04F79EFBC}") = "EmployeeFinder", "EmployeeFinder\EmployeeFinder.csproj", "{434A2D72-0BE8-4991-AB48-0D958668F925}"
EndProject
Project("{FAE04EC0-301F-11D3-BF4B-00C04F79EFBC}") = "EmployeeDataAccess", "EmployeeDataAccess\EmployeeDataAccess.csproj", "{BA743F6B-87C6-4ADB-806C-9F9E680736D6}"
EndProject
Global
	GlobalSection(SolutionConfigurationPlatforms) = preSolution
		Debug|Any CPU = Debug|Any CPU
		Release|Any CPU = Release|Any CPU
	EndGlobalSection
	GlobalSection(ProjectConfigurationPlatforms) = postSolution
		{434A2D72-0BE8-4991-AB48-0D958668F925}.Debug|Any CPU.ActiveCfg = Debug|Any CPU
		{434A2D72-0BE8-4991-AB48-0D958668F925}.Debug|Any CPU.Build.0 = Debug|Any CPU
		{434A2D72-0BE8-4991-AB48-0D958668F925}.Release|Any CPU.ActiveCfg = Release|Any CPU
		{434A2D72-0BE8-4991-AB48-0D958668F925}.Release|Any CPU.Build.0 = Release|Any CPU
		{BA743F6B-87C6-4ADB-806C-9F9E680736D6}.Debug|Any CPU.ActiveCfg = Debug|Any CPU
		{BA743F6B-87C6-4ADB-806C-9F9E680736D6}.Debug|Any CPU.Build.0 = Debug|Any CPU
		{BA743F6B-87C6-4ADB-806C-9F9E680736D6}.Release|Any CPU.ActiveCfg = Release|Any CPU
		{BA743F6B-87C6-4ADB-806C-9F9E680736D6}.Release|Any CPU.Build.0 = Release|Any CPU
	EndGlobalSection
	GlobalSection(SolutionProperties) = preSolution
		HideSolutionNode = FALSE
	EndGlobalSection
	GlobalSection(ExtensibilityGlobals) = postSolution
		SolutionGuid = {2EF84C5B-8DD5-40A0-9226-8747CB58D221}
	EndGlobalSection
EndGlobal
